version = 1
revision = 1
requires-python = ">=3.9"

[[package]]
name = "gmpy2"
version = "2.2.1"
source = { registry = "https://pypi.org/simple" }
sdist = { url = "https://files.pythonhosted.org/packages/07/bd/c6c154ce734a3e6187871b323297d8e5f3bdf9feaafc5212381538bc19e4/gmpy2-2.2.1.tar.gz", hash = "sha256:e83e07567441b78cb87544910cb3cc4fe94e7da987e93ef7622e76fb96650432", size = 234228 }
wheels = [
    { url = "https://files.pythonhosted.org/packages/b1/1b/f151e3a6a61833ed65e3446a7fbcbf42ce4153418552b61aa29a9978ea23/gmpy2-2.2.1-cp310-cp310-macosx_10_9_x86_64.whl", hash = "sha256:431d599e1542b6e0b3618d3e296702c25215c97fb461d596e27adbe69d765dc6", size = 880228 },
    { url = "https://files.pythonhosted.org/packages/31/ee/b2a9c6709031ffe05d34a0f325139de33298811b0e81007faa64404fea90/gmpy2-2.2.1-cp310-cp310-macosx_11_0_arm64.whl", hash = "sha256:5e51848975837751d1038e82d006e8bb488b179f093ba7fc8a59e1d8a2c61663", size = 694514 },
    { url = "https://files.pythonhosted.org/packages/43/9d/591d432f4b4805f309523b0a293ccb2ad61bae4cb1e40caa368c96ee5892/gmpy2-2.2.1-cp310-cp310-manylinux_2_17_i686.manylinux2014_i686.whl", hash = "sha256:89bdf26520b0bf39e148f97a7c9dd17e163637fdcd5fa3699fd70b5e9c246531", size = 1620694 },
    { url = "https://files.pythonhosted.org/packages/7f/c4/4b409d4c6b4f9890f3eb3b0bbfec29445283e1f97c468927283bd6b99754/gmpy2-2.2.1-cp310-cp310-manylinux_2_17_x86_64.manylinux2014_x86_64.whl", hash = "sha256:a187cf303b94efb4c8915106406acac16e8dbaa3cdb6e856fa096673c3c02f1b", size = 1671785 },
    { url = "https://files.pythonhosted.org/packages/80/e0/3b7f18eb8c59c40aac2c91e171290bf3665fbfa2946696c3cdcdfbbd7790/gmpy2-2.2.1-cp310-cp310-musllinux_1_2_i686.whl", hash = "sha256:d26806e518dadd9ed6cf57fc5fb67e8e6ca533bd9a77fd079558ffadd57150c8", size = 1607891 },
    { url = "https://files.pythonhosted.org/packages/83/f5/fdfcb0af9a01566f427499835e65426862a2f3e55c3dde5e4df7b6d3f865/gmpy2-2.2.1-cp310-cp310-musllinux_1_2_x86_64.whl", hash = "sha256:416d2f1c4a1af3c00946a8f85b4547ba2bede3903cae3095be12fbc0128f9f5f", size = 1620954 },
    { url = "https://files.pythonhosted.org/packages/13/b2/b0c4c743378b1ac0b7b7115c67739ac5755fd3a93b9f91109e7cd558f875/gmpy2-2.2.1-cp310-cp310-win_amd64.whl", hash = "sha256:b3cb0f02570f483d27581ea5659c43df0ff7759aaeb475219e0d9e10e8511a80", size = 1203418 },
    { url = "https://files.pythonhosted.org/packages/ac/ec/ab67751ac0c4088ed21cf9a2a7f9966bf702ca8ebfc3204879cf58c90179/gmpy2-2.2.1-cp311-cp311-macosx_10_9_x86_64.whl", hash = "sha256:98e947491c67523d3147a500f377bb64d0b115e4ab8a12d628fb324bb0e142bf", size = 880346 },
    { url = "https://files.pythonhosted.org/packages/97/7c/bdc4a7a2b0e543787a9354e80fdcf846c4e9945685218cef4ca938d25594/gmpy2-2.2.1-cp311-cp311-macosx_11_0_arm64.whl", hash = "sha256:4ccd319a3a87529484167ae1391f937ac4a8724169fd5822bbb541d1eab612b0", size = 694518 },
    { url = "https://files.pythonhosted.org/packages/fc/44/ea903003bb4c3af004912fb0d6488e346bd76968f11a7472a1e60dee7dd7/gmpy2-2.2.1-cp311-cp311-manylinux_2_17_i686.manylinux2014_i686.whl", hash = "sha256:827bcd433e5d62f1b732f45e6949419da4a53915d6c80a3c7a5a03d5a783a03a", size = 1653491 },
    { url = "https://files.pythonhosted.org/packages/c9/70/5bce281b7cd664c04f1c9d47a37087db37b2be887bce738340e912ad86c8/gmpy2-2.2.1-cp311-cp311-manylinux_2_17_x86_64.manylinux2014_x86_64.whl", hash = "sha256:b7131231fc96f57272066295c81cbf11b3233a9471659bca29ddc90a7bde9bfa", size = 1706487 },
    { url = "https://files.pythonhosted.org/packages/2a/52/1f773571f21cf0319fc33218a1b384f29de43053965c05ed32f7e6729115/gmpy2-2.2.1-cp311-cp311-musllinux_1_2_i686.whl", hash = "sha256:1cc6f2bb68ee00c20aae554e111dc781a76140e00c31e4eda5c8f2d4168ed06c", size = 1637415 },
    { url = "https://files.pythonhosted.org/packages/99/4c/390daf67c221b3f4f10b5b7d9293e61e4dbd48956a38947679c5a701af27/gmpy2-2.2.1-cp311-cp311-musllinux_1_2_x86_64.whl", hash = "sha256:ae388fe46e3d20af4675451a4b6c12fc1bb08e6e0e69ee47072638be21bf42d8", size = 1657781 },
    { url = "https://files.pythonhosted.org/packages/61/cd/86e47bccb3636389e29c4654a0e5ac52926d832897f2f64632639b63ffc1/gmpy2-2.2.1-cp311-cp311-win_amd64.whl", hash = "sha256:8b472ee3c123b77979374da2293ebf2c170b88212e173d64213104956d4678fb", size = 1203346 },
    { url = "https://files.pythonhosted.org/packages/9a/ee/8f9f65e2bac334cfe13b3fc3f8962d5fc2858ebcf4517690d2d24afa6d0e/gmpy2-2.2.1-cp312-cp312-macosx_10_9_x86_64.whl", hash = "sha256:90d03a1be1b1ad3944013fae5250316c3f4e6aec45ecdf189a5c7422d640004d", size = 885231 },
    { url = "https://files.pythonhosted.org/packages/07/1c/bf29f6bf8acd72c3cf85d04e7db1bb26dd5507ee2387770bb787bc54e2a5/gmpy2-2.2.1-cp312-cp312-macosx_11_0_arm64.whl", hash = "sha256:bd09dd43d199908c1d1d501c5de842b3bf754f99b94af5b5ef0e26e3b716d2d5", size = 696569 },
    { url = "https://files.pythonhosted.org/packages/7c/cc/38d33eadeccd81b604a95b67d43c71b246793b7c441f1d7c3b41978cd1cf/gmpy2-2.2.1-cp312-cp312-manylinux_2_17_i686.manylinux2014_i686.whl", hash = "sha256:3232859fda3e96fd1aecd6235ae20476ed4506562bcdef6796a629b78bb96acd", size = 1655776 },
    { url = "https://files.pythonhosted.org/packages/96/8d/d017599d6db8e9b96d6e84ea5102c33525cb71c82876b1813a2ece5d94ec/gmpy2-2.2.1-cp312-cp312-manylinux_2_17_x86_64.manylinux2014_x86_64.whl", hash = "sha256:30fba6f7cf43fb7f8474216701b5aaddfa5e6a06d560e88a67f814062934e863", size = 1707529 },
    { url = "https://files.pythonhosted.org/packages/d0/93/91b4a0af23ae4216fd7ebcfd955dcbe152c5ef170598aee421310834de0a/gmpy2-2.2.1-cp312-cp312-musllinux_1_2_i686.whl", hash = "sha256:9b33cae533ede8173bc7d4bb855b388c5b636ca9f22a32c949f2eb7e0cc531b2", size = 1634195 },
    { url = "https://files.pythonhosted.org/packages/d7/ba/08ee99f19424cd33d5f0f17b2184e34d2fa886eebafcd3e164ccba15d9f2/gmpy2-2.2.1-cp312-cp312-musllinux_1_2_x86_64.whl", hash = "sha256:954e7e1936c26e370ca31bbd49729ebeeb2006a8f9866b1e778ebb89add2e941", size = 1656779 },
    { url = "https://files.pythonhosted.org/packages/14/e1/7b32ae2b23c8363d87b7f4bbac9abe9a1f820c2417d2e99ca3b4afd9379b/gmpy2-2.2.1-cp312-cp312-win_amd64.whl", hash = "sha256:c929870137b20d9c3f7dd97f43615b2d2c1a2470e50bafd9a5eea2e844f462e9", size = 1204668 },
    { url = "https://files.pythonhosted.org/packages/7b/ab/82e4ef7e5b26e2f7bf97c2d46567f1f00cc6a442e995c0e7830025187cdf/gmpy2-2.2.1-cp313-cp313-macosx_10_9_x86_64.whl", hash = "sha256:a3859ef1706bc631ee7fbdf3ae0367da1709fae1e2538b0e1bc6c53fa3ee7ef4", size = 885100 },
    { url = "https://files.pythonhosted.org/packages/b4/2d/4d6992ac765c8e5b53c3f4950369e92194d376aef2dd12c950ee9b6bcd70/gmpy2-2.2.1-cp313-cp313-macosx_11_0_arm64.whl", hash = "sha256:6468fc604d5a322fe037b8880848eef2fef7e9f843872645c4c11eef276896ad", size = 696455 },
    { url = "https://files.pythonhosted.org/packages/77/be/474784ac57eac28c61cf789e55acea874f115f00757896502f50a5bcd0f0/gmpy2-2.2.1-cp313-cp313-manylinux_2_17_i686.manylinux2014_i686.whl", hash = "sha256:a845a7701217da4ff81a2e4ae8df479e904621b7953d3a6b4ca0ff139f1fa71f", size = 1655890 },
    { url = "https://files.pythonhosted.org/packages/a3/03/c59a817ac599043224101dac647e712ebce400394980609646993fcc7787/gmpy2-2.2.1-cp313-cp313-manylinux_2_17_x86_64.manylinux2014_x86_64.whl", hash = "sha256:c0b1e14ef1793a1e0176e7b54b29b44c1d93cf8699ca8e4a93ed53fdd16e2c52", size = 1707719 },
    { url = "https://files.pythonhosted.org/packages/24/4a/923e50787dcd7ac7caa14a1c3f15040c16bf9cad6e42d9664070b5d45e7f/gmpy2-2.2.1-cp313-cp313-musllinux_1_2_i686.whl", hash = "sha256:13b0e00170c14ed4cd1e007cc6f1bcb3417b5677d2ef964d46959a1833aa84ab", size = 1634253 },
    { url = "https://files.pythonhosted.org/packages/93/39/9aa392f20f5246740529a65385d2a40b7002f1fa98cc3205e708a77da2d7/gmpy2-2.2.1-cp313-cp313-musllinux_1_2_x86_64.whl", hash = "sha256:831280e3943897ae6bf69ebd868dc6de2a46c078230b9f2a9f66b4ad793d0440", size = 1656831 },
    { url = "https://files.pythonhosted.org/packages/b2/28/335bf8b4a1fc2acacda311f03cdfe87a07585754b95bae2c5331de15726b/gmpy2-2.2.1-cp313-cp313-win_amd64.whl", hash = "sha256:74235fcce8a1bee207bf8d43955cb04563f71ba8231a3bbafc6dd7869503d05c", size = 1204644 },
    { url = "https://files.pythonhosted.org/packages/ef/d0/2948f89fa544b443e7736b46224897a2084ac1477351d89931ee33706cf0/gmpy2-2.2.1-cp39-cp39-macosx_10_9_x86_64.whl", hash = "sha256:623e0f701dc74690d15037951b550160d24d75bf66213fc6642a51ac6a2e055e", size = 880204 },
    { url = "https://files.pythonhosted.org/packages/0f/e2/303312ac868b49bab0cc6aa0aa107b693c5beb9905f10d8e8407578aeea4/gmpy2-2.2.1-cp39-cp39-macosx_11_0_arm64.whl", hash = "sha256:31b9bfde30478d3b9c85641b4b7146554af16d60320962d79c3e45d724d1281d", size = 694515 },
    { url = "https://files.pythonhosted.org/packages/61/50/7f60070b165d86c386a72ebd85e1f1e16ccf4778f9cf4cae498e9c0fd007/gmpy2-2.2.1-cp39-cp39-manylinux_2_17_i686.manylinux2014_i686.whl", hash = "sha256:674da3d7aeb7dbde52abc0adc0a285bf1b2f3d142779dad15acdbdb819fe9bc2", size = 1604977 },
    { url = "https://files.pythonhosted.org/packages/7d/7b/98f8a472eb7b15c9dccaeffb7d0d5840b1301529f3ee5c685fd0ed248ccc/gmpy2-2.2.1-cp39-cp39-manylinux_2_17_x86_64.manylinux2014_x86_64.whl", hash = "sha256:23505c2ab66734f8a1b1fc5c4c1f8bbbd489bb02eef5940bbd974de69f2ddc2d", size = 1654450 },
    { url = "https://files.pythonhosted.org/packages/95/50/cec1c2287bf1d8bd15af95bbe25b0da2b15e41f1116b8b252998ccfe3a5e/gmpy2-2.2.1-cp39-cp39-musllinux_1_2_i686.whl", hash = "sha256:99f515dbd242cb07bf06e71c93e69c99a703ad55a22f5deac198256fd1c305ed", size = 1591090 },
    { url = "https://files.pythonhosted.org/packages/3c/86/4d132f2f5bc4162112f75ad2bca2a8ea591a9da835287593c6ac9a3cf93c/gmpy2-2.2.1-cp39-cp39-musllinux_1_2_x86_64.whl", hash = "sha256:1c2daa0bb603734e6bee6245e275e57ed305a08da50dc3ce7b48eedece61216c", size = 1608324 },
    { url = "https://files.pythonhosted.org/packages/11/1b/faf855ba8bac61514c853b8e609052e550b88771ef24f4c5360d3726c82c/gmpy2-2.2.1-cp39-cp39-win_amd64.whl", hash = "sha256:fbe36fcc45a591d4ef30fe38ac8db0afa35edfafdf325dbe4fe9162ceb264c0d", size = 1204368 },
]

[[package]]
name = "schnorr-signature"
version = "0.1.0"
source = { virtual = "." }
dependencies = [
    { name = "gmpy2" },
]

[package.metadata]
requires-dist = [{ name = "gmpy2", specifier = ">=2.2.1" }]
